
Microsoft Visual Studio Solution File, Format Version 12.00
# Visual Studio Version 17
VisualStudioVersion = 17.11.35327.3
MinimumVisualStudioVersion = 10.0.40219.1
Project("{FAE04EC0-301F-11D3-BF4B-00C04F79EFBC}") = "SklepMVC", "SklepMVC.csproj", "{5EE3553E-2F06-4E1D-83EF-F3C8EC73804C}"
EndProject
Global
	GlobalSection(SolutionConfigurationPlatforms) = preSolution
		Debug|Any CPU = Debug|Any CPU
		Release|Any CPU = Release|Any CPU
	EndGlobalSection
	GlobalSection(ProjectConfigurationPlatforms) = postSolution
		{5EE3553E-2F06-4E1D-83EF-F3C8EC73804C}.Debug|Any CPU.ActiveCfg = Debug|Any CPU
		{5EE3553E-2F06-4E1D-83EF-F3C8EC73804C}.Debug|Any CPU.Build.0 = Debug|Any CPU
		{5EE3553E-2F06-4E1D-83EF-F3C8EC73804C}.Release|Any CPU.ActiveCfg = Release|Any CPU
		{5EE3553E-2F06-4E1D-83EF-F3C8EC73804C}.Release|Any CPU.Build.0 = Release|Any CPU
	EndGlobalSection
	GlobalSection(SolutionProperties) = preSolution
		HideSolutionNode = FALSE
	EndGlobalSection
	GlobalSection(ExtensibilityGlobals) = postSolution
		SolutionGuid = {8775599D-8C19-46D3-8FFA-82C31412E970}
	EndGlobalSection
EndGlobal
